
Microsoft Visual Studio Solution File, Format Version 12.00
# Visual Studio 15
VisualStudioVersion = 15.0.28010.2050
MinimumVisualStudioVersion = 10.0.40219.1
Project("{FAE04EC0-301F-11D3-BF4B-00C04F79EFBC}") = "TAB_Autosave", "TAB_Autosave\TAB_Autosave.csproj", "{344C8063-DBC9-48EF-9603-99369EFDF8A4}"
EndProject
Global
	GlobalSection(SolutionConfigurationPlatforms) = preSolution
		Debug|Any CPU = Debug|Any CPU
		Release|Any CPU = Release|Any CPU
	EndGlobalSection
	GlobalSection(ProjectConfigurationPlatforms) = postSolution
		{344C8063-DBC9-48EF-9603-99369EFDF8A4}.Debug|Any CPU.ActiveCfg = Debug|Any CPU
		{344C8063-DBC9-48EF-9603-99369EFDF8A4}.Debug|Any CPU.Build.0 = Debug|Any CPU
		{344C8063-DBC9-48EF-9603-99369EFDF8A4}.Release|Any CPU.ActiveCfg = Release|Any CPU
		{344C8063-DBC9-48EF-9603-99369EFDF8A4}.Release|Any CPU.Build.0 = Release|Any CPU
	EndGlobalSection
	GlobalSection(SolutionProperties) = preSolution
		HideSolutionNode = FALSE
	EndGlobalSection
	GlobalSection(ExtensibilityGlobals) = postSolution
		SolutionGuid = {619D8F3E-C246-4E21-96A5-BCA73C3E60DB}
	EndGlobalSection
EndGlobal
